
Microsoft Visual Studio Solution File, Format Version 12.00
# Visual Studio Version 16
VisualStudioVersion = 16.0.32002.261
MinimumVisualStudioVersion = 10.0.40219.1
Project("{FAE04EC0-301F-11D3-BF4B-00C04F79EFBC}") = "CakeShop", "CakeShop\CakeShop.csproj", "{701FCEAA-8EAC-472C-AADF-489F3E23A31B}"
EndProject
Global
	GlobalSection(SolutionConfigurationPlatforms) = preSolution
		Debug|Any CPU = Debug|Any CPU
		Release|Any CPU = Release|Any CPU
	EndGlobalSection
	GlobalSection(ProjectConfigurationPlatforms) = postSolution
		{701FCEAA-8EAC-472C-AADF-489F3E23A31B}.Debug|Any CPU.ActiveCfg = Debug|Any CPU
		{701FCEAA-8EAC-472C-AADF-489F3E23A31B}.Debug|Any CPU.Build.0 = Debug|Any CPU
		{701FCEAA-8EAC-472C-AADF-489F3E23A31B}.Release|Any CPU.ActiveCfg = Release|Any CPU
		{701FCEAA-8EAC-472C-AADF-489F3E23A31B}.Release|Any CPU.Build.0 = Release|Any CPU
	EndGlobalSection
	GlobalSection(SolutionProperties) = preSolution
		HideSolutionNode = FALSE
	EndGlobalSection
	GlobalSection(ExtensibilityGlobals) = postSolution
		SolutionGuid = {5A1B0A40-5D09-41FE-94A4-FBE4F02AFB65}
	EndGlobalSection
EndGlobal
